
Microsoft Visual Studio Solution File, Format Version 12.00
# Visual Studio Version 17
VisualStudioVersion = 17.4.33403.182
MinimumVisualStudioVersion = 10.0.40219.1
Project("{2150E333-8FDC-42A3-9474-1A3956D46DE8}") = "TodoApi", "TodoApi", "{9077B4E0-7EBD-42EE-80A0-016DEF3AEFB3}"
EndProject
Project("{2150E333-8FDC-42A3-9474-1A3956D46DE8}") = "Frontend", "Frontend", "{C3DA18CD-441F-4D3A-AEE7-F6A866A73DE9}"
EndProject
Project("{9A19103F-16F7-4668-BE54-9A1E7A4F7556}") = "ToDoWebApi", "TodoApi\ToDoWebApi\ToDoWebApi.csproj", "{B3829B78-4D20-45B3-955D-6C25A4DFB7BC}"
EndProject
Project("{9A19103F-16F7-4668-BE54-9A1E7A4F7556}") = "ToDo.EntityLayer", "TodoApi\ToDo.EntityLayer\ToDo.EntityLayer.csproj", "{D7ED7B0B-9C80-4FAB-99BB-19C88464533F}"
EndProject
Project("{9A19103F-16F7-4668-BE54-9A1E7A4F7556}") = "ToDo.DataAccessLayer", "TodoApi\ToDo.DataAccessLayer\ToDo.DataAccessLayer.csproj", "{18915A1F-C80E-4781-9B24-02F154D62157}"
EndProject
Project("{9A19103F-16F7-4668-BE54-9A1E7A4F7556}") = "ToDo.BusinessLayer", "TodoApi\ToDo.BusinessLayer\ToDo.BusinessLayer.csproj", "{8D9B50FF-8735-4F83-93A6-B557F5BEAD3D}"
EndProject
Project("{9A19103F-16F7-4668-BE54-9A1E7A4F7556}") = "WebUI", "Frontend\WebUI\WebUI.csproj", "{F5EB6075-2BE7-4993-8D93-DAC42E349056}"
EndProject
Project("{9A19103F-16F7-4668-BE54-9A1E7A4F7556}") = "DtoLayer", "ToDoApi\DtoLayer\DtoLayer.csproj", "{1B22BA09-0FE4-4703-A23D-D7B0EBDF4F21}"
EndProject
Project("{2150E333-8FDC-42A3-9474-1A3956D46DE8}") = "JwtProject", "JwtProject", "{725E837B-76B5-4A15-B193-74BDE998FEEB}"
EndProject
Project("{FAE04EC0-301F-11D3-BF4B-00C04F79EFBC}") = "WebApiJwt", "JwtProject\WebApiJwt\WebApiJwt.csproj", "{09884030-1765-4DFD-A15F-8A96BB098FBA}"
EndProject
Global
	GlobalSection(SolutionConfigurationPlatforms) = preSolution
		Debug|Any CPU = Debug|Any CPU
		Release|Any CPU = Release|Any CPU
	EndGlobalSection
	GlobalSection(ProjectConfigurationPlatforms) = postSolution
		{B3829B78-4D20-45B3-955D-6C25A4DFB7BC}.Debug|Any CPU.ActiveCfg = Debug|Any CPU
		{B3829B78-4D20-45B3-955D-6C25A4DFB7BC}.Debug|Any CPU.Build.0 = Debug|Any CPU
		{B3829B78-4D20-45B3-955D-6C25A4DFB7BC}.Release|Any CPU.ActiveCfg = Release|Any CPU
		{B3829B78-4D20-45B3-955D-6C25A4DFB7BC}.Release|Any CPU.Build.0 = Release|Any CPU
		{D7ED7B0B-9C80-4FAB-99BB-19C88464533F}.Debug|Any CPU.ActiveCfg = Debug|Any CPU
		{D7ED7B0B-9C80-4FAB-99BB-19C88464533F}.Debug|Any CPU.Build.0 = Debug|Any CPU
		{D7ED7B0B-9C80-4FAB-99BB-19C88464533F}.Release|Any CPU.ActiveCfg = Release|Any CPU
		{D7ED7B0B-9C80-4FAB-99BB-19C88464533F}.Release|Any CPU.Build.0 = Release|Any CPU
		{18915A1F-C80E-4781-9B24-02F154D62157}.Debug|Any CPU.ActiveCfg = Debug|Any CPU
		{18915A1F-C80E-4781-9B24-02F154D62157}.Debug|Any CPU.Build.0 = Debug|Any CPU
		{18915A1F-C80E-4781-9B24-02F154D62157}.Release|Any CPU.ActiveCfg = Release|Any CPU
		{18915A1F-C80E-4781-9B24-02F154D62157}.Release|Any CPU.Build.0 = Release|Any CPU
		{8D9B50FF-8735-4F83-93A6-B557F5BEAD3D}.Debug|Any CPU.ActiveCfg = Debug|Any CPU
		{8D9B50FF-8735-4F83-93A6-B557F5BEAD3D}.Debug|Any CPU.Build.0 = Debug|Any CPU
		{8D9B50FF-8735-4F83-93A6-B557F5BEAD3D}.Release|Any CPU.ActiveCfg = Release|Any CPU
		{8D9B50FF-8735-4F83-93A6-B557F5BEAD3D}.Release|Any CPU.Build.0 = Release|Any CPU
		{F5EB6075-2BE7-4993-8D93-DAC42E349056}.Debug|Any CPU.ActiveCfg = Debug|Any CPU
		{F5EB6075-2BE7-4993-8D93-DAC42E349056}.Debug|Any CPU.Build.0 = Debug|Any CPU
		{F5EB6075-2BE7-4993-8D93-DAC42E349056}.Release|Any CPU.ActiveCfg = Release|Any CPU
		{F5EB6075-2BE7-4993-8D93-DAC42E349056}.Release|Any CPU.Build.0 = Release|Any CPU
		{1B22BA09-0FE4-4703-A23D-D7B0EBDF4F21}.Debug|Any CPU.ActiveCfg = Debug|Any CPU
		{1B22BA09-0FE4-4703-A23D-D7B0EBDF4F21}.Debug|Any CPU.Build.0 = Debug|Any CPU
		{1B22BA09-0FE4-4703-A23D-D7B0EBDF4F21}.Release|Any CPU.ActiveCfg = Release|Any CPU
		{1B22BA09-0FE4-4703-A23D-D7B0EBDF4F21}.Release|Any CPU.Build.0 = Release|Any CPU
		{09884030-1765-4DFD-A15F-8A96BB098FBA}.Debug|Any CPU.ActiveCfg = Debug|Any CPU
		{09884030-1765-4DFD-A15F-8A96BB098FBA}.Debug|Any CPU.Build.0 = Debug|Any CPU
		{09884030-1765-4DFD-A15F-8A96BB098FBA}.Release|Any CPU.ActiveCfg = Release|Any CPU
		{09884030-1765-4DFD-A15F-8A96BB098FBA}.Release|Any CPU.Build.0 = Release|Any CPU
	EndGlobalSection
	GlobalSection(SolutionProperties) = preSolution
		HideSolutionNode = FALSE
	EndGlobalSection
	GlobalSection(NestedProjects) = preSolution
		{B3829B78-4D20-45B3-955D-6C25A4DFB7BC} = {9077B4E0-7EBD-42EE-80A0-016DEF3AEFB3}
		{D7ED7B0B-9C80-4FAB-99BB-19C88464533F} = {9077B4E0-7EBD-42EE-80A0-016DEF3AEFB3}
		{18915A1F-C80E-4781-9B24-02F154D62157} = {9077B4E0-7EBD-42EE-80A0-016DEF3AEFB3}
		{8D9B50FF-8735-4F83-93A6-B557F5BEAD3D} = {9077B4E0-7EBD-42EE-80A0-016DEF3AEFB3}
		{F5EB6075-2BE7-4993-8D93-DAC42E349056} = {C3DA18CD-441F-4D3A-AEE7-F6A866A73DE9}
		{1B22BA09-0FE4-4703-A23D-D7B0EBDF4F21} = {9077B4E0-7EBD-42EE-80A0-016DEF3AEFB3}
		{09884030-1765-4DFD-A15F-8A96BB098FBA} = {725E837B-76B5-4A15-B193-74BDE998FEEB}
	EndGlobalSection
	GlobalSection(ExtensibilityGlobals) = postSolution
		SolutionGuid = {DD9231E2-949F-4282-9965-CDDE71C3C5C6}
	EndGlobalSection
EndGlobal
